
Microsoft Visual Studio Solution File, Format Version 12.00
# Visual Studio Version 17
VisualStudioVersion = 17.11.35327.3
MinimumVisualStudioVersion = 10.0.40219.1
Project("{FAE04EC0-301F-11D3-BF4B-00C04F79EFBC}") = "endfield-player-position-display", "endfield-player-position-display.csproj", "{C1A22E17-8F9E-4930-8FDD-C7E66282534F}"
EndProject
Project("{FAE04EC0-301F-11D3-BF4B-00C04F79EFBC}") = "endfield-player-position-display.Tests", "endfield-player-position-display.Tests\endfield-player-position-display.Tests.csproj", "{2DFA2E15-B6A1-4A57-BE5F-1D7D3E8E3D74}"
EndProject
Global
	GlobalSection(SolutionConfigurationPlatforms) = preSolution
		Debug|Any CPU = Debug|Any CPU
		Release|Any CPU = Release|Any CPU
	EndGlobalSection
	GlobalSection(ProjectConfigurationPlatforms) = postSolution
		{C1A22E17-8F9E-4930-8FDD-C7E66282534F}.Debug|Any CPU.ActiveCfg = Debug|Any CPU
		{C1A22E17-8F9E-4930-8FDD-C7E66282534F}.Debug|Any CPU.Build.0 = Debug|Any CPU
		{C1A22E17-8F9E-4930-8FDD-C7E66282534F}.Release|Any CPU.ActiveCfg = Release|Any CPU
		{C1A22E17-8F9E-4930-8FDD-C7E66282534F}.Release|Any CPU.Build.0 = Release|Any CPU
		{2DFA2E15-B6A1-4A57-BE5F-1D7D3E8E3D74}.Debug|Any CPU.ActiveCfg = Debug|Any CPU
		{2DFA2E15-B6A1-4A57-BE5F-1D7D3E8E3D74}.Debug|Any CPU.Build.0 = Debug|Any CPU
		{2DFA2E15-B6A1-4A57-BE5F-1D7D3E8E3D74}.Release|Any CPU.ActiveCfg = Release|Any CPU
		{2DFA2E15-B6A1-4A57-BE5F-1D7D3E8E3D74}.Release|Any CPU.Build.0 = Release|Any CPU
	EndGlobalSection
	GlobalSection(SolutionProperties) = preSolution
		HideSolutionNode = FALSE
	EndGlobalSection
	GlobalSection(ExtensibilityGlobals) = postSolution
		SolutionGuid = {476B04D5-6CD8-4F82-AFED-EB1C01E83001}
	EndGlobalSection
EndGlobal
